
Microsoft Visual Studio Solution File, Format Version 12.00
# Visual Studio 15
VisualStudioVersion = 15.0.28010.2036
MinimumVisualStudioVersion = 10.0.40219.1
Project("{FAE04EC0-301F-11D3-BF4B-00C04F79EFBC}") = "Bestbike", "WebApplication1\Bestbike.csproj", "{0AC368CF-CD0C-4D78-9D52-31B015AE1167}"
EndProject
Global
	GlobalSection(SolutionConfigurationPlatforms) = preSolution
		Debug|Any CPU = Debug|Any CPU
		Release|Any CPU = Release|Any CPU
	EndGlobalSection
	GlobalSection(ProjectConfigurationPlatforms) = postSolution
		{0AC368CF-CD0C-4D78-9D52-31B015AE1167}.Debug|Any CPU.ActiveCfg = Debug|Any CPU
		{0AC368CF-CD0C-4D78-9D52-31B015AE1167}.Debug|Any CPU.Build.0 = Debug|Any CPU
		{0AC368CF-CD0C-4D78-9D52-31B015AE1167}.Release|Any CPU.ActiveCfg = Release|Any CPU
		{0AC368CF-CD0C-4D78-9D52-31B015AE1167}.Release|Any CPU.Build.0 = Release|Any CPU
	EndGlobalSection
	GlobalSection(SolutionProperties) = preSolution
		HideSolutionNode = FALSE
	EndGlobalSection
	GlobalSection(ExtensibilityGlobals) = postSolution
		SolutionGuid = {F466E132-BDE6-43E7-884E-8A72D8A751CE}
	EndGlobalSection
EndGlobal
