
Microsoft Visual Studio Solution File, Format Version 12.00
# Visual Studio Version 16
VisualStudioVersion = 16.0.30804.86
MinimumVisualStudioVersion = 10.0.40219.1
Project("{2150E333-8FDC-42A3-9474-1A3956D46DE8}") = "Hosts", "Hosts", "{5ECE6509-53AB-4A54-876A-A1D0C41964BA}"
EndProject
Project("{2150E333-8FDC-42A3-9474-1A3956D46DE8}") = "Libraries", "Libraries", "{37F53AB9-5818-45FE-AC47-FEEE6AA8F21D}"
EndProject
Project("{2150E333-8FDC-42A3-9474-1A3956D46DE8}") = "Tests", "Tests", "{58F7D0B7-CEC0-4A09-AEF3-3DF31B884424}"
EndProject
Project("{FAE04EC0-301F-11D3-BF4B-00C04F79EFBC}") = "WebAPI", "Hosts\WebAPI\WebAPI.csproj", "{CA8110F4-5CCB-4B8D-9196-C402DCF8AD50}"
EndProject
Project("{FAE04EC0-301F-11D3-BF4B-00C04F79EFBC}") = "Common", "Libraries\Common\Common.csproj", "{CD008B77-EDA9-4146-AB70-3779258C7F59}"
EndProject
Project("{FAE04EC0-301F-11D3-BF4B-00C04F79EFBC}") = "Server", "Libraries\Server\Server.csproj", "{7B8E53EB-BE91-421C-9C36-933389475C5B}"
EndProject
Global
	GlobalSection(SolutionConfigurationPlatforms) = preSolution
		Debug|Any CPU = Debug|Any CPU
		Release|Any CPU = Release|Any CPU
	EndGlobalSection
	GlobalSection(ProjectConfigurationPlatforms) = postSolution
		{CA8110F4-5CCB-4B8D-9196-C402DCF8AD50}.Debug|Any CPU.ActiveCfg = Debug|Any CPU
		{CA8110F4-5CCB-4B8D-9196-C402DCF8AD50}.Debug|Any CPU.Build.0 = Debug|Any CPU
		{CA8110F4-5CCB-4B8D-9196-C402DCF8AD50}.Release|Any CPU.ActiveCfg = Release|Any CPU
		{CA8110F4-5CCB-4B8D-9196-C402DCF8AD50}.Release|Any CPU.Build.0 = Release|Any CPU
		{CD008B77-EDA9-4146-AB70-3779258C7F59}.Debug|Any CPU.ActiveCfg = Debug|Any CPU
		{CD008B77-EDA9-4146-AB70-3779258C7F59}.Debug|Any CPU.Build.0 = Debug|Any CPU
		{CD008B77-EDA9-4146-AB70-3779258C7F59}.Release|Any CPU.ActiveCfg = Release|Any CPU
		{CD008B77-EDA9-4146-AB70-3779258C7F59}.Release|Any CPU.Build.0 = Release|Any CPU
		{7B8E53EB-BE91-421C-9C36-933389475C5B}.Debug|Any CPU.ActiveCfg = Debug|Any CPU
		{7B8E53EB-BE91-421C-9C36-933389475C5B}.Debug|Any CPU.Build.0 = Debug|Any CPU
		{7B8E53EB-BE91-421C-9C36-933389475C5B}.Release|Any CPU.ActiveCfg = Release|Any CPU
		{7B8E53EB-BE91-421C-9C36-933389475C5B}.Release|Any CPU.Build.0 = Release|Any CPU
	EndGlobalSection
	GlobalSection(SolutionProperties) = preSolution
		HideSolutionNode = FALSE
	EndGlobalSection
	GlobalSection(NestedProjects) = preSolution
		{CA8110F4-5CCB-4B8D-9196-C402DCF8AD50} = {5ECE6509-53AB-4A54-876A-A1D0C41964BA}
		{CD008B77-EDA9-4146-AB70-3779258C7F59} = {37F53AB9-5818-45FE-AC47-FEEE6AA8F21D}
		{7B8E53EB-BE91-421C-9C36-933389475C5B} = {37F53AB9-5818-45FE-AC47-FEEE6AA8F21D}
	EndGlobalSection
	GlobalSection(ExtensibilityGlobals) = postSolution
		SolutionGuid = {082DA80D-9349-4597-B919-C8BC2F9DA51C}
	EndGlobalSection
EndGlobal
